// !$*UTF8*$!
{
	archiveVersion = 1;
	classes = {
	};
	objectVersion = 46;
	objects = {

/* Begin PBXBuildFile section */
		A70935F51504B98700A5F659 /* CTRESTfulCoreDataGlobal.h in Headers */ = {isa = PBXBuildFile; fileRef = A70935F31504B98700A5F659 /* CTRESTfulCoreDataGlobal.h */; };
		A727281114FCCAD0007C4D96 /* Model.xcdatamodeld in Sources */ = {isa = PBXBuildFile; fileRef = A727280F14FCCAD0007C4D96 /* Model.xcdatamodeld */; };
		A727281414FCCADE007C4D96 /* TTEntity1.m in Sources */ = {isa = PBXBuildFile; fileRef = A727281314FCCADE007C4D96 /* TTEntity1.m */; };
		A727281714FCCAED007C4D96 /* Entity2.m in Sources */ = {isa = PBXBuildFile; fileRef = A727281614FCCAED007C4D96 /* Entity2.m */; };
		A727281814FCCCFB007C4D96 /* CoreData.framework in Frameworks */ = {isa = PBXBuildFile; fileRef = A78538B714FB77F700D29EB0 /* CoreData.framework */; };
		A727281C14FCD2B5007C4D96 /* CTManagedObjectValidationModel.h in Headers */ = {isa = PBXBuildFile; fileRef = A727281A14FCD2B5007C4D96 /* CTManagedObjectValidationModel.h */; };
		A727281D14FCD2B5007C4D96 /* CTManagedObjectValidationModel.m in Sources */ = {isa = PBXBuildFile; fileRef = A727281B14FCD2B5007C4D96 /* CTManagedObjectValidationModel.m */; };
		A727281F14FCDCB7007C4D96 /* APISampleEntity.json in Resources */ = {isa = PBXBuildFile; fileRef = A727281E14FCDC78007C4D96 /* APISampleEntity.json */; };
		A727285914FCE4DA007C4D96 /* BADAPISampleEntity.json in Resources */ = {isa = PBXBuildFile; fileRef = A727285814FCE4DA007C4D96 /* BADAPISampleEntity.json */; };
		A727285B14FCE551007C4D96 /* SampleEntityWithoutID.json in Resources */ = {isa = PBXBuildFile; fileRef = A727285A14FCE551007C4D96 /* SampleEntityWithoutID.json */; };
		A75E5BE114FCFADD00E1F2E3 /* NSObject+CTRESTfulCoreData.h in Headers */ = {isa = PBXBuildFile; fileRef = A75E5BDF14FCFADD00E1F2E3 /* NSObject+CTRESTfulCoreData.h */; };
		A75E5BE214FCFADD00E1F2E3 /* NSObject+CTRESTfulCoreData.m in Sources */ = {isa = PBXBuildFile; fileRef = A75E5BE014FCFADD00E1F2E3 /* NSObject+CTRESTfulCoreData.m */; };
		A770BCAA151C57AF00E360A1 /* TTWorkflow.m in Sources */ = {isa = PBXBuildFile; fileRef = A770BCA9151C57AF00E360A1 /* TTWorkflow.m */; };
		A770BCAD151C57C500E360A1 /* TTWorkflowSubsclass.m in Sources */ = {isa = PBXBuildFile; fileRef = A770BCAC151C57C500E360A1 /* TTWorkflowSubsclass.m */; };
		A770BCB0151C57DC00E360A1 /* TTDashboard.m in Sources */ = {isa = PBXBuildFile; fileRef = A770BCAF151C57DC00E360A1 /* TTDashboard.m */; };
		A785389114FB778600D29EB0 /* Foundation.framework in Frameworks */ = {isa = PBXBuildFile; fileRef = A785389014FB778600D29EB0 /* Foundation.framework */; };
		A785389714FB778600D29EB0 /* CTRESTfulCoreData.m in Sources */ = {isa = PBXBuildFile; fileRef = A785389614FB778600D29EB0 /* CTRESTfulCoreData.m */; };
		A785389F14FB778600D29EB0 /* SenTestingKit.framework in Frameworks */ = {isa = PBXBuildFile; fileRef = A785389E14FB778600D29EB0 /* SenTestingKit.framework */; };
		A78538A214FB778600D29EB0 /* Foundation.framework in Frameworks */ = {isa = PBXBuildFile; fileRef = A785389014FB778600D29EB0 /* Foundation.framework */; };
		A78538A514FB778600D29EB0 /* libCTRESTfulCoreData.a in Frameworks */ = {isa = PBXBuildFile; fileRef = A785388D14FB778600D29EB0 /* libCTRESTfulCoreData.a */; };
		A78538AB14FB778600D29EB0 /* InfoPlist.strings in Resources */ = {isa = PBXBuildFile; fileRef = A78538A914FB778600D29EB0 /* InfoPlist.strings */; };
		A78538AE14FB778600D29EB0 /* CTRESTfulCoreDataTests.m in Sources */ = {isa = PBXBuildFile; fileRef = A78538AD14FB778600D29EB0 /* CTRESTfulCoreDataTests.m */; };
		A78538B814FB77F800D29EB0 /* CoreData.framework in Frameworks */ = {isa = PBXBuildFile; fileRef = A78538B714FB77F700D29EB0 /* CoreData.framework */; };
		A79224C914FCFFDF00449314 /* NSURL+CTRESTfulCoreData.h in Headers */ = {isa = PBXBuildFile; fileRef = A79224C714FCFFDF00449314 /* NSURL+CTRESTfulCoreData.h */; };
		A79224CA14FCFFDF00449314 /* NSURL+CTRESTfulCoreData.m in Sources */ = {isa = PBXBuildFile; fileRef = A79224C814FCFFDF00449314 /* NSURL+CTRESTfulCoreData.m */; };
		A79224CC14FE1E4B00449314 /* CTRESTfulCoreDataBackgroundQueue.h in Headers */ = {isa = PBXBuildFile; fileRef = A79224CB14FE1E4B00449314 /* CTRESTfulCoreDataBackgroundQueue.h */; };
		A79224D014FE215300449314 /* NSError+CTRESTfulCoreData.h in Headers */ = {isa = PBXBuildFile; fileRef = A79224CE14FE215300449314 /* NSError+CTRESTfulCoreData.h */; };
		A79224D114FE215300449314 /* NSError+CTRESTfulCoreData.m in Sources */ = {isa = PBXBuildFile; fileRef = A79224CF14FE215300449314 /* NSError+CTRESTfulCoreData.m */; };
		A7C578C814FB85C8000391F9 /* NSManagedObject+CTRESTfulCoreData.h in Headers */ = {isa = PBXBuildFile; fileRef = A7C578BF14FB85C8000391F9 /* NSManagedObject+CTRESTfulCoreData.h */; };
		A7C578C914FB85C8000391F9 /* NSManagedObject+CTRESTfulCoreData.m in Sources */ = {isa = PBXBuildFile; fileRef = A7C578C014FB85C8000391F9 /* NSManagedObject+CTRESTfulCoreData.m */; };
		A7C578CA14FB85C8000391F9 /* NSDate+CTRESTfulCoreData.h in Headers */ = {isa = PBXBuildFile; fileRef = A7C578C314FB85C8000391F9 /* NSDate+CTRESTfulCoreData.h */; };
		A7C578CB14FB85C8000391F9 /* NSDate+CTRESTfulCoreData.m in Sources */ = {isa = PBXBuildFile; fileRef = A7C578C414FB85C8000391F9 /* NSDate+CTRESTfulCoreData.m */; };
		A7C578CC14FB85C8000391F9 /* NSString+CTRESTfulCoreData.h in Headers */ = {isa = PBXBuildFile; fileRef = A7C578C614FB85C8000391F9 /* NSString+CTRESTfulCoreData.h */; };
		A7C578CD14FB85C8000391F9 /* NSString+CTRESTfulCoreData.m in Sources */ = {isa = PBXBuildFile; fileRef = A7C578C714FB85C8000391F9 /* NSString+CTRESTfulCoreData.m */; };
		A7C578D014FB884B000391F9 /* FrameworkAdditionsTests.m in Sources */ = {isa = PBXBuildFile; fileRef = A7C578CF14FB884B000391F9 /* FrameworkAdditionsTests.m */; };
		A7C57A0F14FC1A36000391F9 /* CTManagedObjectMappingModel.h in Headers */ = {isa = PBXBuildFile; fileRef = A7C57A0D14FC1A36000391F9 /* CTManagedObjectMappingModel.h */; };
		A7C57A1014FC1A36000391F9 /* CTManagedObjectMappingModel.m in Sources */ = {isa = PBXBuildFile; fileRef = A7C57A0E14FC1A36000391F9 /* CTManagedObjectMappingModel.m */; };
/* End PBXBuildFile section */

/* Begin PBXContainerItemProxy section */
		A78538A314FB778600D29EB0 /* PBXContainerItemProxy */ = {
			isa = PBXContainerItemProxy;
			containerPortal = A785388414FB778600D29EB0 /* Project object */;
			proxyType = 1;
			remoteGlobalIDString = A785388C14FB778600D29EB0;
			remoteInfo = CTRESTfulCoreData;
		};
/* End PBXContainerItemProxy section */

/* Begin PBXFileReference section */
		A70935F31504B98700A5F659 /* CTRESTfulCoreDataGlobal.h */ = {isa = PBXFileReference; fileEncoding = 4; lastKnownFileType = sourcecode.c.h; path = CTRESTfulCoreDataGlobal.h; sourceTree = "<group>"; };
		A727281014FCCAD0007C4D96 /* Model.xcdatamodel */ = {isa = PBXFileReference; lastKnownFileType = wrapper.xcdatamodel; path = Model.xcdatamodel; sourceTree = "<group>"; };
		A727281214FCCADE007C4D96 /* TTEntity1.h */ = {isa = PBXFileReference; fileEncoding = 4; lastKnownFileType = sourcecode.c.h; path = TTEntity1.h; sourceTree = "<group>"; };
		A727281314FCCADE007C4D96 /* TTEntity1.m */ = {isa = PBXFileReference; fileEncoding = 4; lastKnownFileType = sourcecode.c.objc; path = TTEntity1.m; sourceTree = "<group>"; };
		A727281514FCCAED007C4D96 /* Entity2.h */ = {isa = PBXFileReference; fileEncoding = 4; lastKnownFileType = sourcecode.c.h; path = Entity2.h; sourceTree = "<group>"; };
		A727281614FCCAED007C4D96 /* Entity2.m */ = {isa = PBXFileReference; fileEncoding = 4; lastKnownFileType = sourcecode.c.objc; path = Entity2.m; sourceTree = "<group>"; };
		A727281A14FCD2B5007C4D96 /* CTManagedObjectValidationModel.h */ = {isa = PBXFileReference; fileEncoding = 4; lastKnownFileType = sourcecode.c.h; path = CTManagedObjectValidationModel.h; sourceTree = "<group>"; };
		A727281B14FCD2B5007C4D96 /* CTManagedObjectValidationModel.m */ = {isa = PBXFileReference; fileEncoding = 4; lastKnownFileType = sourcecode.c.objc; path = CTManagedObjectValidationModel.m; sourceTree = "<group>"; };
		A727281E14FCDC78007C4D96 /* APISampleEntity.json */ = {isa = PBXFileReference; fileEncoding = 4; lastKnownFileType = text.json; path = APISampleEntity.json; sourceTree = "<group>"; };
		A727285814FCE4DA007C4D96 /* BADAPISampleEntity.json */ = {isa = PBXFileReference; fileEncoding = 4; lastKnownFileType = text.json; path = BADAPISampleEntity.json; sourceTree = "<group>"; };
		A727285A14FCE551007C4D96 /* SampleEntityWithoutID.json */ = {isa = PBXFileReference; fileEncoding = 4; lastKnownFileType = text.json; path = SampleEntityWithoutID.json; sourceTree = "<group>"; };
		A75E5BDF14FCFADD00E1F2E3 /* NSObject+CTRESTfulCoreData.h */ = {isa = PBXFileReference; fileEncoding = 4; lastKnownFileType = sourcecode.c.h; path = "NSObject+CTRESTfulCoreData.h"; sourceTree = "<group>"; };
		A75E5BE014FCFADD00E1F2E3 /* NSObject+CTRESTfulCoreData.m */ = {isa = PBXFileReference; fileEncoding = 4; lastKnownFileType = sourcecode.c.objc; path = "NSObject+CTRESTfulCoreData.m"; sourceTree = "<group>"; };
		A770BCA8151C57AF00E360A1 /* TTWorkflow.h */ = {isa = PBXFileReference; fileEncoding = 4; lastKnownFileType = sourcecode.c.h; path = TTWorkflow.h; sourceTree = "<group>"; };
		A770BCA9151C57AF00E360A1 /* TTWorkflow.m */ = {isa = PBXFileReference; fileEncoding = 4; lastKnownFileType = sourcecode.c.objc; path = TTWorkflow.m; sourceTree = "<group>"; };
		A770BCAB151C57C400E360A1 /* TTWorkflowSubsclass.h */ = {isa = PBXFileReference; fileEncoding = 4; lastKnownFileType = sourcecode.c.h; path = TTWorkflowSubsclass.h; sourceTree = "<group>"; };
		A770BCAC151C57C500E360A1 /* TTWorkflowSubsclass.m */ = {isa = PBXFileReference; fileEncoding = 4; lastKnownFileType = sourcecode.c.objc; path = TTWorkflowSubsclass.m; sourceTree = "<group>"; };
		A770BCAE151C57DC00E360A1 /* TTDashboard.h */ = {isa = PBXFileReference; fileEncoding = 4; lastKnownFileType = sourcecode.c.h; path = TTDashboard.h; sourceTree = "<group>"; };
		A770BCAF151C57DC00E360A1 /* TTDashboard.m */ = {isa = PBXFileReference; fileEncoding = 4; lastKnownFileType = sourcecode.c.objc; path = TTDashboard.m; sourceTree = "<group>"; };
		A785388D14FB778600D29EB0 /* libCTRESTfulCoreData.a */ = {isa = PBXFileReference; explicitFileType = archive.ar; includeInIndex = 0; path = libCTRESTfulCoreData.a; sourceTree = BUILT_PRODUCTS_DIR; };
		A785389014FB778600D29EB0 /* Foundation.framework */ = {isa = PBXFileReference; lastKnownFileType = wrapper.framework; name = Foundation.framework; path = System/Library/Frameworks/Foundation.framework; sourceTree = SDKROOT; };
		A785389414FB778600D29EB0 /* CTRESTfulCoreData-Prefix.pch */ = {isa = PBXFileReference; lastKnownFileType = sourcecode.c.h; path = "CTRESTfulCoreData-Prefix.pch"; sourceTree = "<group>"; };
		A785389514FB778600D29EB0 /* CTRESTfulCoreData.h */ = {isa = PBXFileReference; lastKnownFileType = sourcecode.c.h; path = CTRESTfulCoreData.h; sourceTree = "<group>"; };
		A785389614FB778600D29EB0 /* CTRESTfulCoreData.m */ = {isa = PBXFileReference; lastKnownFileType = sourcecode.c.objc; path = CTRESTfulCoreData.m; sourceTree = "<group>"; };
		A785389D14FB778600D29EB0 /* CTRESTfulCoreDataTests.octest */ = {isa = PBXFileReference; explicitFileType = wrapper.cfbundle; includeInIndex = 0; path = CTRESTfulCoreDataTests.octest; sourceTree = BUILT_PRODUCTS_DIR; };
		A785389E14FB778600D29EB0 /* SenTestingKit.framework */ = {isa = PBXFileReference; lastKnownFileType = wrapper.framework; name = SenTestingKit.framework; path = Library/Frameworks/SenTestingKit.framework; sourceTree = DEVELOPER_DIR; };
		A78538A814FB778600D29EB0 /* CTRESTfulCoreDataTests-Info.plist */ = {isa = PBXFileReference; lastKnownFileType = text.plist.xml; path = "CTRESTfulCoreDataTests-Info.plist"; sourceTree = "<group>"; };
		A78538AA14FB778600D29EB0 /* en */ = {isa = PBXFileReference; lastKnownFileType = text.plist.strings; name = en; path = en.lproj/InfoPlist.strings; sourceTree = "<group>"; };
		A78538AC14FB778600D29EB0 /* CTRESTfulCoreDataTests.h */ = {isa = PBXFileReference; lastKnownFileType = sourcecode.c.h; path = CTRESTfulCoreDataTests.h; sourceTree = "<group>"; };
		A78538AD14FB778600D29EB0 /* CTRESTfulCoreDataTests.m */ = {isa = PBXFileReference; lastKnownFileType = sourcecode.c.objc; path = CTRESTfulCoreDataTests.m; sourceTree = "<group>"; };
		A78538B714FB77F700D29EB0 /* CoreData.framework */ = {isa = PBXFileReference; lastKnownFileType = wrapper.framework; name = CoreData.framework; path = System/Library/Frameworks/CoreData.framework; sourceTree = SDKROOT; };
		A79224C714FCFFDF00449314 /* NSURL+CTRESTfulCoreData.h */ = {isa = PBXFileReference; fileEncoding = 4; lastKnownFileType = sourcecode.c.h; path = "NSURL+CTRESTfulCoreData.h"; sourceTree = "<group>"; };
		A79224C814FCFFDF00449314 /* NSURL+CTRESTfulCoreData.m */ = {isa = PBXFileReference; fileEncoding = 4; lastKnownFileType = sourcecode.c.objc; path = "NSURL+CTRESTfulCoreData.m"; sourceTree = "<group>"; };
		A79224CB14FE1E4B00449314 /* CTRESTfulCoreDataBackgroundQueue.h */ = {isa = PBXFileReference; fileEncoding = 4; lastKnownFileType = sourcecode.c.h; path = CTRESTfulCoreDataBackgroundQueue.h; sourceTree = "<group>"; };
		A79224CE14FE215300449314 /* NSError+CTRESTfulCoreData.h */ = {isa = PBXFileReference; fileEncoding = 4; lastKnownFileType = sourcecode.c.h; path = "NSError+CTRESTfulCoreData.h"; sourceTree = "<group>"; };
		A79224CF14FE215300449314 /* NSError+CTRESTfulCoreData.m */ = {isa = PBXFileReference; fileEncoding = 4; lastKnownFileType = sourcecode.c.objc; path = "NSError+CTRESTfulCoreData.m"; sourceTree = "<group>"; };
		A7C578BF14FB85C8000391F9 /* NSManagedObject+CTRESTfulCoreData.h */ = {isa = PBXFileReference; fileEncoding = 4; lastKnownFileType = sourcecode.c.h; path = "NSManagedObject+CTRESTfulCoreData.h"; sourceTree = "<group>"; };
		A7C578C014FB85C8000391F9 /* NSManagedObject+CTRESTfulCoreData.m */ = {isa = PBXFileReference; fileEncoding = 4; lastKnownFileType = sourcecode.c.objc; path = "NSManagedObject+CTRESTfulCoreData.m"; sourceTree = "<group>"; };
		A7C578C314FB85C8000391F9 /* NSDate+CTRESTfulCoreData.h */ = {isa = PBXFileReference; fileEncoding = 4; lastKnownFileType = sourcecode.c.h; path = "NSDate+CTRESTfulCoreData.h"; sourceTree = "<group>"; };
		A7C578C414FB85C8000391F9 /* NSDate+CTRESTfulCoreData.m */ = {isa = PBXFileReference; fileEncoding = 4; lastKnownFileType = sourcecode.c.objc; path = "NSDate+CTRESTfulCoreData.m"; sourceTree = "<group>"; };
		A7C578C614FB85C8000391F9 /* NSString+CTRESTfulCoreData.h */ = {isa = PBXFileReference; fileEncoding = 4; lastKnownFileType = sourcecode.c.h; path = "NSString+CTRESTfulCoreData.h"; sourceTree = "<group>"; };
		A7C578C714FB85C8000391F9 /* NSString+CTRESTfulCoreData.m */ = {isa = PBXFileReference; fileEncoding = 4; lastKnownFileType = sourcecode.c.objc; path = "NSString+CTRESTfulCoreData.m"; sourceTree = "<group>"; };
		A7C578CE14FB884B000391F9 /* FrameworkAdditionsTests.h */ = {isa = PBXFileReference; fileEncoding = 4; lastKnownFileType = sourcecode.c.h; path = FrameworkAdditionsTests.h; sourceTree = "<group>"; };
		A7C578CF14FB884B000391F9 /* FrameworkAdditionsTests.m */ = {isa = PBXFileReference; fileEncoding = 4; lastKnownFileType = sourcecode.c.objc; path = FrameworkAdditionsTests.m; sourceTree = "<group>"; };
		A7C57A0D14FC1A36000391F9 /* CTManagedObjectMappingModel.h */ = {isa = PBXFileReference; fileEncoding = 4; lastKnownFileType = sourcecode.c.h; path = CTManagedObjectMappingModel.h; sourceTree = "<group>"; };
		A7C57A0E14FC1A36000391F9 /* CTManagedObjectMappingModel.m */ = {isa = PBXFileReference; fileEncoding = 4; lastKnownFileType = sourcecode.c.objc; path = CTManagedObjectMappingModel.m; sourceTree = "<group>"; };
/* End PBXFileReference section */

/* Begin PBXFrameworksBuildPhase section */
		A785388A14FB778600D29EB0 /* Frameworks */ = {
			isa = PBXFrameworksBuildPhase;
			buildActionMask = 2147483647;
			files = (
				A78538B814FB77F800D29EB0 /* CoreData.framework in Frameworks */,
				A785389114FB778600D29EB0 /* Foundation.framework in Frameworks */,
			);
			runOnlyForDeploymentPostprocessing = 0;
		};
		A785389914FB778600D29EB0 /* Frameworks */ = {
			isa = PBXFrameworksBuildPhase;
			buildActionMask = 2147483647;
			files = (
				A727281814FCCCFB007C4D96 /* CoreData.framework in Frameworks */,
				A785389F14FB778600D29EB0 /* SenTestingKit.framework in Frameworks */,
				A78538A214FB778600D29EB0 /* Foundation.framework in Frameworks */,
				A78538A514FB778600D29EB0 /* libCTRESTfulCoreData.a in Frameworks */,
			);
			runOnlyForDeploymentPostprocessing = 0;
		};
/* End PBXFrameworksBuildPhase section */

/* Begin PBXGroup section */
		A727280E14FCCAD0007C4D96 /* Model */ = {
			isa = PBXGroup;
			children = (
				A727280F14FCCAD0007C4D96 /* Model.xcdatamodeld */,
				A727281214FCCADE007C4D96 /* TTEntity1.h */,
				A727281314FCCADE007C4D96 /* TTEntity1.m */,
				A727281514FCCAED007C4D96 /* Entity2.h */,
				A727281614FCCAED007C4D96 /* Entity2.m */,
				A727281E14FCDC78007C4D96 /* APISampleEntity.json */,
				A727285814FCE4DA007C4D96 /* BADAPISampleEntity.json */,
				A727285A14FCE551007C4D96 /* SampleEntityWithoutID.json */,
				A770BCA8151C57AF00E360A1 /* TTWorkflow.h */,
				A770BCA9151C57AF00E360A1 /* TTWorkflow.m */,
				A770BCAB151C57C400E360A1 /* TTWorkflowSubsclass.h */,
				A770BCAC151C57C500E360A1 /* TTWorkflowSubsclass.m */,
				A770BCAE151C57DC00E360A1 /* TTDashboard.h */,
				A770BCAF151C57DC00E360A1 /* TTDashboard.m */,
			);
			path = Model;
			sourceTree = "<group>";
		};
		A727281914FCD2A3007C4D96 /* CTManagedObjectValidationModel */ = {
			isa = PBXGroup;
			children = (
				A727281A14FCD2B5007C4D96 /* CTManagedObjectValidationModel.h */,
				A727281B14FCD2B5007C4D96 /* CTManagedObjectValidationModel.m */,
			);
			path = CTManagedObjectValidationModel;
			sourceTree = "<group>";
		};
		A75E5BDD14FCFACA00E1F2E3 /* NSObject */ = {
			isa = PBXGroup;
			children = (
				A75E5BDF14FCFADD00E1F2E3 /* NSObject+CTRESTfulCoreData.h */,
				A75E5BE014FCFADD00E1F2E3 /* NSObject+CTRESTfulCoreData.m */,
			);
			path = NSObject;
			sourceTree = "<group>";
		};
		A785388214FB778600D29EB0 = {
			isa = PBXGroup;
			children = (
				A785389214FB778600D29EB0 /* CTRESTfulCoreData */,
				A78538A614FB778600D29EB0 /* CTRESTfulCoreDataTests */,
				A785388F14FB778600D29EB0 /* Frameworks */,
				A785388E14FB778600D29EB0 /* Products */,
			);
			sourceTree = "<group>";
		};
		A785388E14FB778600D29EB0 /* Products */ = {
			isa = PBXGroup;
			children = (
				A785388D14FB778600D29EB0 /* libCTRESTfulCoreData.a */,
				A785389D14FB778600D29EB0 /* CTRESTfulCoreDataTests.octest */,
			);
			name = Products;
			sourceTree = "<group>";
		};
		A785388F14FB778600D29EB0 /* Frameworks */ = {
			isa = PBXGroup;
			children = (
				A78538B714FB77F700D29EB0 /* CoreData.framework */,
				A785389014FB778600D29EB0 /* Foundation.framework */,
				A785389E14FB778600D29EB0 /* SenTestingKit.framework */,
			);
			name = Frameworks;
			sourceTree = "<group>";
		};
		A785389214FB778600D29EB0 /* CTRESTfulCoreData */ = {
			isa = PBXGroup;
			children = (
				A727281914FCD2A3007C4D96 /* CTManagedObjectValidationModel */,
				A7C57A0B14FC144A000391F9 /* CTManagedObjectMappingModel */,
				A7C578BC14FB85C8000391F9 /* Framework Additions */,
				A785389514FB778600D29EB0 /* CTRESTfulCoreData.h */,
				A785389614FB778600D29EB0 /* CTRESTfulCoreData.m */,
				A785389314FB778600D29EB0 /* Supporting Files */,
				A79224CB14FE1E4B00449314 /* CTRESTfulCoreDataBackgroundQueue.h */,
				A70935F31504B98700A5F659 /* CTRESTfulCoreDataGlobal.h */,
			);
			path = CTRESTfulCoreData;
			sourceTree = "<group>";
		};
		A785389314FB778600D29EB0 /* Supporting Files */ = {
			isa = PBXGroup;
			children = (
				A785389414FB778600D29EB0 /* CTRESTfulCoreData-Prefix.pch */,
			);
			name = "Supporting Files";
			sourceTree = "<group>";
		};
		A78538A614FB778600D29EB0 /* CTRESTfulCoreDataTests */ = {
			isa = PBXGroup;
			children = (
				A727280E14FCCAD0007C4D96 /* Model */,
				A7C578CE14FB884B000391F9 /* FrameworkAdditionsTests.h */,
				A7C578CF14FB884B000391F9 /* FrameworkAdditionsTests.m */,
				A78538AC14FB778600D29EB0 /* CTRESTfulCoreDataTests.h */,
				A78538AD14FB778600D29EB0 /* CTRESTfulCoreDataTests.m */,
				A78538A714FB778600D29EB0 /* Supporting Files */,
			);
			path = CTRESTfulCoreDataTests;
			sourceTree = "<group>";
		};
		A78538A714FB778600D29EB0 /* Supporting Files */ = {
			isa = PBXGroup;
			children = (
				A78538A814FB778600D29EB0 /* CTRESTfulCoreDataTests-Info.plist */,
				A78538A914FB778600D29EB0 /* InfoPlist.strings */,
			);
			name = "Supporting Files";
			sourceTree = "<group>";
		};
		A79224C514FCFFC600449314 /* NSURL */ = {
			isa = PBXGroup;
			children = (
				A79224C714FCFFDF00449314 /* NSURL+CTRESTfulCoreData.h */,
				A79224C814FCFFDF00449314 /* NSURL+CTRESTfulCoreData.m */,
			);
			path = NSURL;
			sourceTree = "<group>";
		};
		A79224CD14FE213D00449314 /* NSError */ = {
			isa = PBXGroup;
			children = (
				A79224CE14FE215300449314 /* NSError+CTRESTfulCoreData.h */,
				A79224CF14FE215300449314 /* NSError+CTRESTfulCoreData.m */,
			);
			path = NSError;
			sourceTree = "<group>";
		};
		A7C578BC14FB85C8000391F9 /* Framework Additions */ = {
			isa = PBXGroup;
			children = (
				A7C578BD14FB85C8000391F9 /* CoreData */,
				A7C578C114FB85C8000391F9 /* Foundation */,
			);
			path = "Framework Additions";
			sourceTree = "<group>";
		};
		A7C578BD14FB85C8000391F9 /* CoreData */ = {
			isa = PBXGroup;
			children = (
				A7C578BE14FB85C8000391F9 /* NSManagedObject */,
			);
			path = CoreData;
			sourceTree = "<group>";
		};
		A7C578BE14FB85C8000391F9 /* NSManagedObject */ = {
			isa = PBXGroup;
			children = (
				A7C578BF14FB85C8000391F9 /* NSManagedObject+CTRESTfulCoreData.h */,
				A7C578C014FB85C8000391F9 /* NSManagedObject+CTRESTfulCoreData.m */,
			);
			path = NSManagedObject;
			sourceTree = "<group>";
		};
		A7C578C114FB85C8000391F9 /* Foundation */ = {
			isa = PBXGroup;
			children = (
				A7C578C214FB85C8000391F9 /* NSDate */,
				A79224CD14FE213D00449314 /* NSError */,
				A75E5BDD14FCFACA00E1F2E3 /* NSObject */,
				A7C578C514FB85C8000391F9 /* NSString */,
				A79224C514FCFFC600449314 /* NSURL */,
			);
			path = Foundation;
			sourceTree = "<group>";
		};
		A7C578C214FB85C8000391F9 /* NSDate */ = {
			isa = PBXGroup;
			children = (
				A7C578C314FB85C8000391F9 /* NSDate+CTRESTfulCoreData.h */,
				A7C578C414FB85C8000391F9 /* NSDate+CTRESTfulCoreData.m */,
			);
			path = NSDate;
			sourceTree = "<group>";
		};
		A7C578C514FB85C8000391F9 /* NSString */ = {
			isa = PBXGroup;
			children = (
				A7C578C614FB85C8000391F9 /* NSString+CTRESTfulCoreData.h */,
				A7C578C714FB85C8000391F9 /* NSString+CTRESTfulCoreData.m */,
			);
			path = NSString;
			sourceTree = "<group>";
		};
		A7C57A0B14FC144A000391F9 /* CTManagedObjectMappingModel */ = {
			isa = PBXGroup;
			children = (
				A7C57A0D14FC1A36000391F9 /* CTManagedObjectMappingModel.h */,
				A7C57A0E14FC1A36000391F9 /* CTManagedObjectMappingModel.m */,
			);
			path = CTManagedObjectMappingModel;
			sourceTree = "<group>";
		};
/* End PBXGroup section */

/* Begin PBXHeadersBuildPhase section */
		A785388B14FB778600D29EB0 /* Headers */ = {
			isa = PBXHeadersBuildPhase;
			buildActionMask = 2147483647;
			files = (
				A7C578C814FB85C8000391F9 /* NSManagedObject+CTRESTfulCoreData.h in Headers */,
				A7C578CA14FB85C8000391F9 /* NSDate+CTRESTfulCoreData.h in Headers */,
				A7C578CC14FB85C8000391F9 /* NSString+CTRESTfulCoreData.h in Headers */,
				A7C57A0F14FC1A36000391F9 /* CTManagedObjectMappingModel.h in Headers */,
				A727281C14FCD2B5007C4D96 /* CTManagedObjectValidationModel.h in Headers */,
				A75E5BE114FCFADD00E1F2E3 /* NSObject+CTRESTfulCoreData.h in Headers */,
				A79224C914FCFFDF00449314 /* NSURL+CTRESTfulCoreData.h in Headers */,
				A79224CC14FE1E4B00449314 /* CTRESTfulCoreDataBackgroundQueue.h in Headers */,
				A79224D014FE215300449314 /* NSError+CTRESTfulCoreData.h in Headers */,
				A70935F51504B98700A5F659 /* CTRESTfulCoreDataGlobal.h in Headers */,
			);
			runOnlyForDeploymentPostprocessing = 0;
		};
/* End PBXHeadersBuildPhase section */

/* Begin PBXNativeTarget section */
		A785388C14FB778600D29EB0 /* CTRESTfulCoreData */ = {
			isa = PBXNativeTarget;
			buildConfigurationList = A78538B114FB778600D29EB0 /* Build configuration list for PBXNativeTarget "CTRESTfulCoreData" */;
			buildPhases = (
				A785388914FB778600D29EB0 /* Sources */,
				A785388A14FB778600D29EB0 /* Frameworks */,
				A785388B14FB778600D29EB0 /* Headers */,
			);
			buildRules = (
			);
			dependencies = (
			);
			name = CTRESTfulCoreData;
			productName = CTRESTfulCoreData;
			productReference = A785388D14FB778600D29EB0 /* libCTRESTfulCoreData.a */;
			productType = "com.apple.product-type.library.static";
		};
		A785389C14FB778600D29EB0 /* CTRESTfulCoreDataTests */ = {
			isa = PBXNativeTarget;
			buildConfigurationList = A78538B414FB778600D29EB0 /* Build configuration list for PBXNativeTarget "CTRESTfulCoreDataTests" */;
			buildPhases = (
				A785389814FB778600D29EB0 /* Sources */,
				A785389914FB778600D29EB0 /* Frameworks */,
				A785389A14FB778600D29EB0 /* Resources */,
				A785389B14FB778600D29EB0 /* ShellScript */,
			);
			buildRules = (
			);
			dependencies = (
				A78538A414FB778600D29EB0 /* PBXTargetDependency */,
			);
			name = CTRESTfulCoreDataTests;
			productName = CTRESTfulCoreDataTests;
			productReference = A785389D14FB778600D29EB0 /* CTRESTfulCoreDataTests.octest */;
			productType = "com.apple.product-type.bundle";
		};
/* End PBXNativeTarget section */

/* Begin PBXProject section */
		A785388414FB778600D29EB0 /* Project object */ = {
			isa = PBXProject;
			attributes = {
				LastUpgradeCheck = 0420;
				ORGANIZATIONNAME = ebf;
			};
			buildConfigurationList = A785388714FB778600D29EB0 /* Build configuration list for PBXProject "CTRESTfulCoreData" */;
			compatibilityVersion = "Xcode 3.2";
			developmentRegion = English;
			hasScannedForEncodings = 0;
			knownRegions = (
				en,
			);
			mainGroup = A785388214FB778600D29EB0;
			productRefGroup = A785388E14FB778600D29EB0 /* Products */;
			projectDirPath = "";
			projectRoot = "";
			targets = (
				A785388C14FB778600D29EB0 /* CTRESTfulCoreData */,
				A785389C14FB778600D29EB0 /* CTRESTfulCoreDataTests */,
			);
		};
/* End PBXProject section */

/* Begin PBXResourcesBuildPhase section */
		A785389A14FB778600D29EB0 /* Resources */ = {
			isa = PBXResourcesBuildPhase;
			buildActionMask = 2147483647;
			files = (
				A727281F14FCDCB7007C4D96 /* APISampleEntity.json in Resources */,
				A78538AB14FB778600D29EB0 /* InfoPlist.strings in Resources */,
				A727285914FCE4DA007C4D96 /* BADAPISampleEntity.json in Resources */,
				A727285B14FCE551007C4D96 /* SampleEntityWithoutID.json in Resources */,
			);
			runOnlyForDeploymentPostprocessing = 0;
		};
/* End PBXResourcesBuildPhase section */

/* Begin PBXShellScriptBuildPhase section */
		A785389B14FB778600D29EB0 /* ShellScript */ = {
			isa = PBXShellScriptBuildPhase;
			buildActionMask = 2147483647;
			files = (
			);
			inputPaths = (
			);
			outputPaths = (
			);
			runOnlyForDeploymentPostprocessing = 0;
			shellPath = /bin/sh;
			shellScript = "# Run the unit tests in this test bundle.\n\"${SYSTEM_DEVELOPER_DIR}/Tools/RunUnitTests\"\n";
		};
/* End PBXShellScriptBuildPhase section */

/* Begin PBXSourcesBuildPhase section */
		A785388914FB778600D29EB0 /* Sources */ = {
			isa = PBXSourcesBuildPhase;
			buildActionMask = 2147483647;
			files = (
				A785389714FB778600D29EB0 /* CTRESTfulCoreData.m in Sources */,
				A7C578C914FB85C8000391F9 /* NSManagedObject+CTRESTfulCoreData.m in Sources */,
				A7C578CB14FB85C8000391F9 /* NSDate+CTRESTfulCoreData.m in Sources */,
				A7C578CD14FB85C8000391F9 /* NSString+CTRESTfulCoreData.m in Sources */,
				A7C57A1014FC1A36000391F9 /* CTManagedObjectMappingModel.m in Sources */,
				A727281D14FCD2B5007C4D96 /* CTManagedObjectValidationModel.m in Sources */,
				A75E5BE214FCFADD00E1F2E3 /* NSObject+CTRESTfulCoreData.m in Sources */,
				A79224CA14FCFFDF00449314 /* NSURL+CTRESTfulCoreData.m in Sources */,
				A79224D114FE215300449314 /* NSError+CTRESTfulCoreData.m in Sources */,
			);
			runOnlyForDeploymentPostprocessing = 0;
		};
		A785389814FB778600D29EB0 /* Sources */ = {
			isa = PBXSourcesBuildPhase;
			buildActionMask = 2147483647;
			files = (
				A78538AE14FB778600D29EB0 /* CTRESTfulCoreDataTests.m in Sources */,
				A7C578D014FB884B000391F9 /* FrameworkAdditionsTests.m in Sources */,
				A727281114FCCAD0007C4D96 /* Model.xcdatamodeld in Sources */,
				A727281414FCCADE007C4D96 /* TTEntity1.m in Sources */,
				A727281714FCCAED007C4D96 /* Entity2.m in Sources */,
				A770BCAA151C57AF00E360A1 /* TTWorkflow.m in Sources */,
				A770BCAD151C57C500E360A1 /* TTWorkflowSubsclass.m in Sources */,
				A770BCB0151C57DC00E360A1 /* TTDashboard.m in Sources */,
			);
			runOnlyForDeploymentPostprocessing = 0;
		};
/* End PBXSourcesBuildPhase section */

/* Begin PBXTargetDependency section */
		A78538A414FB778600D29EB0 /* PBXTargetDependency */ = {
			isa = PBXTargetDependency;
			target = A785388C14FB778600D29EB0 /* CTRESTfulCoreData */;
			targetProxy = A78538A314FB778600D29EB0 /* PBXContainerItemProxy */;
		};
/* End PBXTargetDependency section */

/* Begin PBXVariantGroup section */
		A78538A914FB778600D29EB0 /* InfoPlist.strings */ = {
			isa = PBXVariantGroup;
			children = (
				A78538AA14FB778600D29EB0 /* en */,
			);
			name = InfoPlist.strings;
			sourceTree = "<group>";
		};
/* End PBXVariantGroup section */

/* Begin XCBuildConfiguration section */
		A78538AF14FB778600D29EB0 /* Debug */ = {
			isa = XCBuildConfiguration;
			buildSettings = {
				ALWAYS_SEARCH_USER_PATHS = NO;
				ARCHS = "$(ARCHS_STANDARD_32_BIT)";
				CLANG_ENABLE_OBJC_ARC = YES;
				COPY_PHASE_STRIP = NO;
				GCC_C_LANGUAGE_STANDARD = gnu99;
				GCC_DYNAMIC_NO_PIC = NO;
				GCC_OPTIMIZATION_LEVEL = 0;
				GCC_PREPROCESSOR_DEFINITIONS = (
					"DEBUG=1",
					"$(inherited)",
				);
				GCC_SYMBOLS_PRIVATE_EXTERN = NO;
				GCC_VERSION = com.apple.compilers.llvm.clang.1_0;
				GCC_WARN_ABOUT_MISSING_PROTOTYPES = YES;
				GCC_WARN_ABOUT_RETURN_TYPE = YES;
				GCC_WARN_UNUSED_VARIABLE = YES;
				IPHONEOS_DEPLOYMENT_TARGET = 5.0;
				OTHER_LDFLAGS = (
					"-all_load",
					"-Objc",
				);
				SDKROOT = iphoneos;
			};
			name = Debug;
		};
		A78538B014FB778600D29EB0 /* Release */ = {
			isa = XCBuildConfiguration;
			buildSettings = {
				ALWAYS_SEARCH_USER_PATHS = NO;
				ARCHS = "$(ARCHS_STANDARD_32_BIT)";
				CLANG_ENABLE_OBJC_ARC = YES;
				COPY_PHASE_STRIP = YES;
				GCC_C_LANGUAGE_STANDARD = gnu99;
				GCC_VERSION = com.apple.compilers.llvm.clang.1_0;
				GCC_WARN_ABOUT_MISSING_PROTOTYPES = YES;
				GCC_WARN_ABOUT_RETURN_TYPE = YES;
				GCC_WARN_UNUSED_VARIABLE = YES;
				IPHONEOS_DEPLOYMENT_TARGET = 5.0;
				OTHER_LDFLAGS = (
					"-all_load",
					"-Objc",
				);
				SDKROOT = iphoneos;
				VALIDATE_PRODUCT = YES;
			};
			name = Release;
		};
		A78538B214FB778600D29EB0 /* Debug */ = {
			isa = XCBuildConfiguration;
			buildSettings = {
				ARCHS = (
					armv7,
					armv6,
				);
				DSTROOT = /tmp/CTRESTfulCoreData.dst;
				GCC_PRECOMPILE_PREFIX_HEADER = YES;
				GCC_PREFIX_HEADER = "CTRESTfulCoreData/CTRESTfulCoreData-Prefix.pch";
				OTHER_LDFLAGS = "-ObjC";
				PRODUCT_NAME = "$(TARGET_NAME)";
				SKIP_INSTALL = YES;
			};
			name = Debug;
		};
		A78538B314FB778600D29EB0 /* Release */ = {
			isa = XCBuildConfiguration;
			buildSettings = {
				ARCHS = (
					armv7,
					armv6,
				);
				DSTROOT = /tmp/CTRESTfulCoreData.dst;
				GCC_PRECOMPILE_PREFIX_HEADER = YES;
				GCC_PREFIX_HEADER = "CTRESTfulCoreData/CTRESTfulCoreData-Prefix.pch";
				OTHER_LDFLAGS = "-ObjC";
				PRODUCT_NAME = "$(TARGET_NAME)";
				SKIP_INSTALL = YES;
			};
			name = Release;
		};
		A78538B514FB778600D29EB0 /* Debug */ = {
			isa = XCBuildConfiguration;
			buildSettings = {
				FRAMEWORK_SEARCH_PATHS = (
					"$(SDKROOT)/Developer/Library/Frameworks",
					"$(DEVELOPER_LIBRARY_DIR)/Frameworks",
				);
				GCC_PRECOMPILE_PREFIX_HEADER = YES;
				GCC_PREFIX_HEADER = "CTRESTfulCoreData/CTRESTfulCoreData-Prefix.pch";
				INFOPLIST_FILE = "CTRESTfulCoreDataTests/CTRESTfulCoreDataTests-Info.plist";
				PRODUCT_NAME = "$(TARGET_NAME)";
				WRAPPER_EXTENSION = octest;
			};
			name = Debug;
		};
		A78538B614FB778600D29EB0 /* Release */ = {
			isa = XCBuildConfiguration;
			buildSettings = {
				FRAMEWORK_SEARCH_PATHS = (
					"$(SDKROOT)/Developer/Library/Frameworks",
					"$(DEVELOPER_LIBRARY_DIR)/Frameworks",
				);
				GCC_PRECOMPILE_PREFIX_HEADER = YES;
				GCC_PREFIX_HEADER = "CTRESTfulCoreData/CTRESTfulCoreData-Prefix.pch";
				INFOPLIST_FILE = "CTRESTfulCoreDataTests/CTRESTfulCoreDataTests-Info.plist";
				PRODUCT_NAME = "$(TARGET_NAME)";
				WRAPPER_EXTENSION = octest;
			};
			name = Release;
		};
/* End XCBuildConfiguration section */

/* Begin XCConfigurationList section */
		A785388714FB778600D29EB0 /* Build configuration list for PBXProject "CTRESTfulCoreData" */ = {
			isa = XCConfigurationList;
			buildConfigurations = (
				A78538AF14FB778600D29EB0 /* Debug */,
				A78538B014FB778600D29EB0 /* Release */,
			);
			defaultConfigurationIsVisible = 0;
			defaultConfigurationName = Release;
		};
		A78538B114FB778600D29EB0 /* Build configuration list for PBXNativeTarget "CTRESTfulCoreData" */ = {
			isa = XCConfigurationList;
			buildConfigurations = (
				A78538B214FB778600D29EB0 /* Debug */,
				A78538B314FB778600D29EB0 /* Release */,
			);
			defaultConfigurationIsVisible = 0;
			defaultConfigurationName = Release;
		};
		A78538B414FB778600D29EB0 /* Build configuration list for PBXNativeTarget "CTRESTfulCoreDataTests" */ = {
			isa = XCConfigurationList;
			buildConfigurations = (
				A78538B514FB778600D29EB0 /* Debug */,
				A78538B614FB778600D29EB0 /* Release */,
			);
			defaultConfigurationIsVisible = 0;
			defaultConfigurationName = Release;
		};
/* End XCConfigurationList section */

/* Begin XCVersionGroup section */
		A727280F14FCCAD0007C4D96 /* Model.xcdatamodeld */ = {
			isa = XCVersionGroup;
			children = (
				A727281014FCCAD0007C4D96 /* Model.xcdatamodel */,
			);
			currentVersion = A727281014FCCAD0007C4D96 /* Model.xcdatamodel */;
			path = Model.xcdatamodeld;
			sourceTree = "<group>";
			versionGroupType = wrapper.xcdatamodel;
		};
/* End XCVersionGroup section */
	};
	rootObject = A785388414FB778600D29EB0 /* Project object */;
}
